
Microsoft Visual Studio Solution File, Format Version 12.00
# Visual Studio 15
VisualStudioVersion = 15.0.28307.902
MinimumVisualStudioVersion = 10.0.40219.1
Project("{FAE04EC0-301F-11D3-BF4B-00C04F79EFBC}") = "AntlrParserGenerator", "AntlrParserGenerator\AntlrParserGenerator.csproj", "{7208B2D2-F345-4ABE-924F-E692DD7D4783}"
EndProject
Global
	GlobalSection(SolutionConfigurationPlatforms) = preSolution
		Debug|Any CPU = Debug|Any CPU
		Release|Any CPU = Release|Any CPU
	EndGlobalSection
	GlobalSection(ProjectConfigurationPlatforms) = postSolution
		{7208B2D2-F345-4ABE-924F-E692DD7D4783}.Debug|Any CPU.ActiveCfg = Debug|Any CPU
		{7208B2D2-F345-4ABE-924F-E692DD7D4783}.Debug|Any CPU.Build.0 = Debug|Any CPU
		{7208B2D2-F345-4ABE-924F-E692DD7D4783}.Release|Any CPU.ActiveCfg = Release|Any CPU
		{7208B2D2-F345-4ABE-924F-E692DD7D4783}.Release|Any CPU.Build.0 = Release|Any CPU
	EndGlobalSection
	GlobalSection(SolutionProperties) = preSolution
		HideSolutionNode = FALSE
	EndGlobalSection
	GlobalSection(ExtensibilityGlobals) = postSolution
		SolutionGuid = {38535316-EF71-4706-9A81-BC3EBFC7DB73}
	EndGlobalSection
EndGlobal
